github.com/creack/pty v1.1.24 h1:lYIjLsiUfkb4pheM060u9ud1b6V4hBLHcVmsi+CCYhs=
github.com/creack/pty v1.1.24/go.mod h1:08sCNb52WyoAwi2QDyzUCTgcvVFhUzewun7wtTfvcwE=
github.com/gorilla/websocket v1.5.3 h1:yVuLZ1lOY7Xv+er1I0cN+jwlf1Abm4NRyD7PKDGAoMw=
github.com/gorilla/websocket v1.5.3/go.mod h1:YR8l580nyteQvAITg2hZ9XVh4b55+EU/adAjf1fMHhE=
github.com/kr/fs v0.1.0 h1:3ncRipmwfPafNz1h9HmCqpWaG8xea20Jhn76DGwpoHQ=
github.com/kr/fs v0.1.0/go.mod h1:QJsdVozI94da07d5uQhLergIOt0K6TTwqjpyhFKSBOk=
github.com/pkg/sftp v1.13.7 h1:qrKdwC7SYZ8MMVtJBPQ0BHsx+lHsfb7w//Bs8TjKWZw=
github.com/pkg/sftp v1.13.7/go.mod h1:pY2jkXpBMPh+mlffMKnDjkSw9lbZwIm7iITsuR1Bmns=
golang.org/x/crypto v0.36.0 h1:lJaLHb8uDShRC2U/ZPzQxfoYlis/a/4r2HNdv2TuK/g=
golang.org/x/crypto v0.36.0/go.mod h1:AaMqfVU0JI4347Yydqt0uQEUXI4OkIemMP5I+ZDvPJc=
golang.org/x/sys v0.31.0 h1:AxsZasC8heNQmXFC0vODy6Nga5Wd4IMnHI/V7M1/Sbg=
golang.org/x/sys v0.31.0/go.mod h1:BJP2sWEmIv4KK5OTEluFJCKSidICx8ciO85XgH3Ak8k=
gopkg.in/yaml.v3 v3.0.1 h1:dfBFdsMEMCZs9dyNf+Qe1AV2Lluuz7e205KNCLHzLK0=
gopkg.in/yaml.v3 v3.0.1/go.mod h1:1ahYjIJ/HbvfI0hgGaHwMbBlYgTQyra1Zto1CL1k36Y=
